
Microsoft Visual Studio Solution File, Format Version 12.00
# Visual Studio Version 17
VisualStudioVersion = 17.0.31903.59
MinimumVisualStudioVersion = 10.0.40219.1
Project("{2150E333-8FDC-42A3-9474-1A3956D46DE8}") = "src", "src", "{827E0CD3-B72D-47B6-A68D-7590B98EB39B}"
EndProject
Project("{FAE04EC0-301F-11D3-BF4B-00C04F79EFBC}") = "Auth.Api", "src\Auth.Api\Auth.Api.csproj", "{597A1A37-F1BE-465B-A60C-5886F97F50E6}"
EndProject
Project("{FAE04EC0-301F-11D3-BF4B-00C04F79EFBC}") = "Auth.Application", "src\Auth.Application\Auth.Application.csproj", "{9498EBA7-E72C-4CFC-9F4A-5F82DAD51C39}"
EndProject
Project("{FAE04EC0-301F-11D3-BF4B-00C04F79EFBC}") = "Auth.Domain", "src\Auth.Domain\Auth.Domain.csproj", "{EAD4FB18-BDEF-43B7-B17B-691D3802302D}"
EndProject
Project("{FAE04EC0-301F-11D3-BF4B-00C04F79EFBC}") = "Auth.Infrastructure", "src\Auth.Infrastructure\Auth.Infrastructure.csproj", "{D693215F-CD61-437F-98C8-76A09E2E4B5A}"
EndProject
Project("{2150E333-8FDC-42A3-9474-1A3956D46DE8}") = "tests", "tests", "{0AB3BF05-4346-4AA6-1389-037BE0695223}"
EndProject
Project("{FAE04EC0-301F-11D3-BF4B-00C04F79EFBC}") = "Auth.Tests", "tests\Auth.Tests\Auth.Tests.csproj", "{A963E112-4D82-4FC0-A692-B3CA0A8B7A54}"
EndProject
Global
	GlobalSection(SolutionConfigurationPlatforms) = preSolution
		Debug|Any CPU = Debug|Any CPU
		Debug|x64 = Debug|x64
		Debug|x86 = Debug|x86
		Release|Any CPU = Release|Any CPU
		Release|x64 = Release|x64
		Release|x86 = Release|x86
	EndGlobalSection
	GlobalSection(ProjectConfigurationPlatforms) = postSolution
		{597A1A37-F1BE-465B-A60C-5886F97F50E6}.Debug|Any CPU.ActiveCfg = Debug|Any CPU
		{597A1A37-F1BE-465B-A60C-5886F97F50E6}.Debug|Any CPU.Build.0 = Debug|Any CPU
		{597A1A37-F1BE-465B-A60C-5886F97F50E6}.Debug|x64.ActiveCfg = Debug|Any CPU
		{597A1A37-F1BE-465B-A60C-5886F97F50E6}.Debug|x64.Build.0 = Debug|Any CPU
		{597A1A37-F1BE-465B-A60C-5886F97F50E6}.Debug|x86.ActiveCfg = Debug|Any CPU
		{597A1A37-F1BE-465B-A60C-5886F97F50E6}.Debug|x86.Build.0 = Debug|Any CPU
		{597A1A37-F1BE-465B-A60C-5886F97F50E6}.Release|Any CPU.ActiveCfg = Release|Any CPU
		{597A1A37-F1BE-465B-A60C-5886F97F50E6}.Release|Any CPU.Build.0 = Release|Any CPU
		{597A1A37-F1BE-465B-A60C-5886F97F50E6}.Release|x64.ActiveCfg = Release|Any CPU
		{597A1A37-F1BE-465B-A60C-5886F97F50E6}.Release|x64.Build.0 = Release|Any CPU
		{597A1A37-F1BE-465B-A60C-5886F97F50E6}.Release|x86.ActiveCfg = Release|Any CPU
		{597A1A37-F1BE-465B-A60C-5886F97F50E6}.Release|x86.Build.0 = Release|Any CPU
		{9498EBA7-E72C-4CFC-9F4A-5F82DAD51C39}.Debug|Any CPU.ActiveCfg = Debug|Any CPU
		{9498EBA7-E72C-4CFC-9F4A-5F82DAD51C39}.Debug|Any CPU.Build.0 = Debug|Any CPU
		{9498EBA7-E72C-4CFC-9F4A-5F82DAD51C39}.Debug|x64.ActiveCfg = Debug|Any CPU
		{9498EBA7-E72C-4CFC-9F4A-5F82DAD51C39}.Debug|x64.Build.0 = Debug|Any CPU
		{9498EBA7-E72C-4CFC-9F4A-5F82DAD51C39}.Debug|x86.ActiveCfg = Debug|Any CPU
		{9498EBA7-E72C-4CFC-9F4A-5F82DAD51C39}.Debug|x86.Build.0 = Debug|Any CPU
		{9498EBA7-E72C-4CFC-9F4A-5F82DAD51C39}.Release|Any CPU.ActiveCfg = Release|Any CPU
		{9498EBA7-E72C-4CFC-9F4A-5F82DAD51C39}.Release|Any CPU.Build.0 = Release|Any CPU
		{9498EBA7-E72C-4CFC-9F4A-5F82DAD51C39}.Release|x64.ActiveCfg = Release|Any CPU
		{9498EBA7-E72C-4CFC-9F4A-5F82DAD51C39}.Release|x64.Build.0 = Release|Any CPU
		{9498EBA7-E72C-4CFC-9F4A-5F82DAD51C39}.Release|x86.ActiveCfg = Release|Any CPU
		{9498EBA7-E72C-4CFC-9F4A-5F82DAD51C39}.Release|x86.Build.0 = Release|Any CPU
		{EAD4FB18-BDEF-43B7-B17B-691D3802302D}.Debug|Any CPU.ActiveCfg = Debug|Any CPU
		{EAD4FB18-BDEF-43B7-B17B-691D3802302D}.Debug|Any CPU.Build.0 = Debug|Any CPU
		{EAD4FB18-BDEF-43B7-B17B-691D3802302D}.Debug|x64.ActiveCfg = Debug|Any CPU
		{EAD4FB18-BDEF-43B7-B17B-691D3802302D}.Debug|x64.Build.0 = Debug|Any CPU
		{EAD4FB18-BDEF-43B7-B17B-691D3802302D}.Debug|x86.ActiveCfg = Debug|Any CPU
		{EAD4FB18-BDEF-43B7-B17B-691D3802302D}.Debug|x86.Build.0 = Debug|Any CPU
		{EAD4FB18-BDEF-43B7-B17B-691D3802302D}.Release|Any CPU.ActiveCfg = Release|Any CPU
		{EAD4FB18-BDEF-43B7-B17B-691D3802302D}.Release|Any CPU.Build.0 = Release|Any CPU
		{EAD4FB18-BDEF-43B7-B17B-691D3802302D}.Release|x64.ActiveCfg = Release|Any CPU
		{EAD4FB18-BDEF-43B7-B17B-691D3802302D}.Release|x64.Build.0 = Release|Any CPU
		{EAD4FB18-BDEF-43B7-B17B-691D3802302D}.Release|x86.ActiveCfg = Release|Any CPU
		{EAD4FB18-BDEF-43B7-B17B-691D3802302D}.Release|x86.Build.0 = Release|Any CPU
		{D693215F-CD61-437F-98C8-76A09E2E4B5A}.Debug|Any CPU.ActiveCfg = Debug|Any CPU
		{D693215F-CD61-437F-98C8-76A09E2E4B5A}.Debug|Any CPU.Build.0 = Debug|Any CPU
		{D693215F-CD61-437F-98C8-76A09E2E4B5A}.Debug|x64.ActiveCfg = Debug|Any CPU
		{D693215F-CD61-437F-98C8-76A09E2E4B5A}.Debug|x64.Build.0 = Debug|Any CPU
		{D693215F-CD61-437F-98C8-76A09E2E4B5A}.Debug|x86.ActiveCfg = Debug|Any CPU
		{D693215F-CD61-437F-98C8-76A09E2E4B5A}.Debug|x86.Build.0 = Debug|Any CPU
		{D693215F-CD61-437F-98C8-76A09E2E4B5A}.Release|Any CPU.ActiveCfg = Release|Any CPU
		{D693215F-CD61-437F-98C8-76A09E2E4B5A}.Release|Any CPU.Build.0 = Release|Any CPU
		{D693215F-CD61-437F-98C8-76A09E2E4B5A}.Release|x64.ActiveCfg = Release|Any CPU
		{D693215F-CD61-437F-98C8-76A09E2E4B5A}.Release|x64.Build.0 = Release|Any CPU
		{D693215F-CD61-437F-98C8-76A09E2E4B5A}.Release|x86.ActiveCfg = Release|Any CPU
		{D693215F-CD61-437F-98C8-76A09E2E4B5A}.Release|x86.Build.0 = Release|Any CPU
		{A963E112-4D82-4FC0-A692-B3CA0A8B7A54}.Debug|Any CPU.ActiveCfg = Debug|Any CPU
		{A963E112-4D82-4FC0-A692-B3CA0A8B7A54}.Debug|Any CPU.Build.0 = Debug|Any CPU
		{A963E112-4D82-4FC0-A692-B3CA0A8B7A54}.Debug|x64.ActiveCfg = Debug|Any CPU
		{A963E112-4D82-4FC0-A692-B3CA0A8B7A54}.Debug|x64.Build.0 = Debug|Any CPU
		{A963E112-4D82-4FC0-A692-B3CA0A8B7A54}.Debug|x86.ActiveCfg = Debug|Any CPU
		{A963E112-4D82-4FC0-A692-B3CA0A8B7A54}.Debug|x86.Build.0 = Debug|Any CPU
		{A963E112-4D82-4FC0-A692-B3CA0A8B7A54}.Release|Any CPU.ActiveCfg = Release|Any CPU
		{A963E112-4D82-4FC0-A692-B3CA0A8B7A54}.Release|Any CPU.Build.0 = Release|Any CPU
		{A963E112-4D82-4FC0-A692-B3CA0A8B7A54}.Release|x64.ActiveCfg = Release|Any CPU
		{A963E112-4D82-4FC0-A692-B3CA0A8B7A54}.Release|x64.Build.0 = Release|Any CPU
		{A963E112-4D82-4FC0-A692-B3CA0A8B7A54}.Release|x86.ActiveCfg = Release|Any CPU
		{A963E112-4D82-4FC0-A692-B3CA0A8B7A54}.Release|x86.Build.0 = Release|Any CPU
	EndGlobalSection
	GlobalSection(SolutionProperties) = preSolution
		HideSolutionNode = FALSE
	EndGlobalSection
	GlobalSection(NestedProjects) = preSolution
		{597A1A37-F1BE-465B-A60C-5886F97F50E6} = {827E0CD3-B72D-47B6-A68D-7590B98EB39B}
		{9498EBA7-E72C-4CFC-9F4A-5F82DAD51C39} = {827E0CD3-B72D-47B6-A68D-7590B98EB39B}
		{EAD4FB18-BDEF-43B7-B17B-691D3802302D} = {827E0CD3-B72D-47B6-A68D-7590B98EB39B}
		{D693215F-CD61-437F-98C8-76A09E2E4B5A} = {827E0CD3-B72D-47B6-A68D-7590B98EB39B}
		{A963E112-4D82-4FC0-A692-B3CA0A8B7A54} = {0AB3BF05-4346-4AA6-1389-037BE0695223}
	EndGlobalSection
EndGlobal
